
Microsoft Visual Studio Solution File, Format Version 12.00
# Visual Studio Version 17
VisualStudioVersion = 17.6.33723.286
MinimumVisualStudioVersion = 10.0.40219.1
Project("{9A19103F-16F7-4668-BE54-9A1E7A4F7556}") = "DotnetStandardPractice", "DotnetStandard\DotnetStandardPractice.csproj", "{CC2C2703-2E1C-418B-9BCF-069E29924579}"
EndProject
Project("{FAE04EC0-301F-11D3-BF4B-00C04F79EFBC}") = "DotnetFrameworkPractice", "DotnetFrameworkPractice\DotnetFrameworkPractice.csproj", "{042FAAD4-3CA5-416F-BDC0-84A07B11B7EB}"
EndProject
Project("{9A19103F-16F7-4668-BE54-9A1E7A4F7556}") = "DotnetCorePractice", "DotnetCorePractice\DotnetCorePractice.csproj", "{A54380CE-AF65-4BC4-AB55-C1C5D548C3E4}"
EndProject
Project("{9A19103F-16F7-4668-BE54-9A1E7A4F7556}") = "AsyncPractice", "AsyncPractice\AsyncPractice.csproj", "{2ECB4230-07E3-48E7-854B-D9E824F976D4}"
EndProject
Project("{9A19103F-16F7-4668-BE54-9A1E7A4F7556}") = "AsyncWeb", "AsyncWeb\AsyncWeb.csproj", "{0C4830DC-5BF3-47DF-9AE6-814F243D3DEA}"
EndProject
Project("{9A19103F-16F7-4668-BE54-9A1E7A4F7556}") = "LinqPractice", "LinqPractice\LinqPractice.csproj", "{CEEBC5B8-D010-4CB9-BFB6-ADD9F0683E47}"
EndProject
Project("{9A19103F-16F7-4668-BE54-9A1E7A4F7556}") = "IOCPractice", "IOCPractice\IOCPractice.csproj", "{4C996732-EAD5-4B1F-BB66-627D404B1097}"
EndProject
Project("{9A19103F-16F7-4668-BE54-9A1E7A4F7556}") = "IOCProject1Practice", "IOCProject1Practice\IOCProject1Practice.csproj", "{74D14096-1BA0-48AA-87E3-51A0CF5E4BCF}"
EndProject
Project("{FAE04EC0-301F-11D3-BF4B-00C04F79EFBC}") = "ConfigPractice", "ConfigPractice\ConfigPractice.csproj", "{5D665BFF-EDC5-4219-BE4C-6C6254D78E79}"
EndProject
Global
	GlobalSection(SolutionConfigurationPlatforms) = preSolution
		Debug|Any CPU = Debug|Any CPU
		Release|Any CPU = Release|Any CPU
	EndGlobalSection
	GlobalSection(ProjectConfigurationPlatforms) = postSolution
		{CC2C2703-2E1C-418B-9BCF-069E29924579}.Debug|Any CPU.ActiveCfg = Debug|Any CPU
		{CC2C2703-2E1C-418B-9BCF-069E29924579}.Debug|Any CPU.Build.0 = Debug|Any CPU
		{CC2C2703-2E1C-418B-9BCF-069E29924579}.Release|Any CPU.ActiveCfg = Release|Any CPU
		{CC2C2703-2E1C-418B-9BCF-069E29924579}.Release|Any CPU.Build.0 = Release|Any CPU
		{042FAAD4-3CA5-416F-BDC0-84A07B11B7EB}.Debug|Any CPU.ActiveCfg = Debug|Any CPU
		{042FAAD4-3CA5-416F-BDC0-84A07B11B7EB}.Debug|Any CPU.Build.0 = Debug|Any CPU
		{042FAAD4-3CA5-416F-BDC0-84A07B11B7EB}.Release|Any CPU.ActiveCfg = Release|Any CPU
		{042FAAD4-3CA5-416F-BDC0-84A07B11B7EB}.Release|Any CPU.Build.0 = Release|Any CPU
		{A54380CE-AF65-4BC4-AB55-C1C5D548C3E4}.Debug|Any CPU.ActiveCfg = Debug|Any CPU
		{A54380CE-AF65-4BC4-AB55-C1C5D548C3E4}.Debug|Any CPU.Build.0 = Debug|Any CPU
		{A54380CE-AF65-4BC4-AB55-C1C5D548C3E4}.Release|Any CPU.ActiveCfg = Release|Any CPU
		{A54380CE-AF65-4BC4-AB55-C1C5D548C3E4}.Release|Any CPU.Build.0 = Release|Any CPU
		{2ECB4230-07E3-48E7-854B-D9E824F976D4}.Debug|Any CPU.ActiveCfg = Debug|Any CPU
		{2ECB4230-07E3-48E7-854B-D9E824F976D4}.Debug|Any CPU.Build.0 = Debug|Any CPU
		{2ECB4230-07E3-48E7-854B-D9E824F976D4}.Release|Any CPU.ActiveCfg = Release|Any CPU
		{2ECB4230-07E3-48E7-854B-D9E824F976D4}.Release|Any CPU.Build.0 = Release|Any CPU
		{0C4830DC-5BF3-47DF-9AE6-814F243D3DEA}.Debug|Any CPU.ActiveCfg = Debug|Any CPU
		{0C4830DC-5BF3-47DF-9AE6-814F243D3DEA}.Debug|Any CPU.Build.0 = Debug|Any CPU
		{0C4830DC-5BF3-47DF-9AE6-814F243D3DEA}.Release|Any CPU.ActiveCfg = Release|Any CPU
		{0C4830DC-5BF3-47DF-9AE6-814F243D3DEA}.Release|Any CPU.Build.0 = Release|Any CPU
		{CEEBC5B8-D010-4CB9-BFB6-ADD9F0683E47}.Debug|Any CPU.ActiveCfg = Debug|Any CPU
		{CEEBC5B8-D010-4CB9-BFB6-ADD9F0683E47}.Debug|Any CPU.Build.0 = Debug|Any CPU
		{CEEBC5B8-D010-4CB9-BFB6-ADD9F0683E47}.Release|Any CPU.ActiveCfg = Release|Any CPU
		{CEEBC5B8-D010-4CB9-BFB6-ADD9F0683E47}.Release|Any CPU.Build.0 = Release|Any CPU
		{4C996732-EAD5-4B1F-BB66-627D404B1097}.Debug|Any CPU.ActiveCfg = Debug|Any CPU
		{4C996732-EAD5-4B1F-BB66-627D404B1097}.Debug|Any CPU.Build.0 = Debug|Any CPU
		{4C996732-EAD5-4B1F-BB66-627D404B1097}.Release|Any CPU.ActiveCfg = Release|Any CPU
		{4C996732-EAD5-4B1F-BB66-627D404B1097}.Release|Any CPU.Build.0 = Release|Any CPU
		{74D14096-1BA0-48AA-87E3-51A0CF5E4BCF}.Debug|Any CPU.ActiveCfg = Debug|Any CPU
		{74D14096-1BA0-48AA-87E3-51A0CF5E4BCF}.Debug|Any CPU.Build.0 = Debug|Any CPU
		{74D14096-1BA0-48AA-87E3-51A0CF5E4BCF}.Release|Any CPU.ActiveCfg = Release|Any CPU
		{74D14096-1BA0-48AA-87E3-51A0CF5E4BCF}.Release|Any CPU.Build.0 = Release|Any CPU
		{5D665BFF-EDC5-4219-BE4C-6C6254D78E79}.Debug|Any CPU.ActiveCfg = Debug|Any CPU
		{5D665BFF-EDC5-4219-BE4C-6C6254D78E79}.Debug|Any CPU.Build.0 = Debug|Any CPU
		{5D665BFF-EDC5-4219-BE4C-6C6254D78E79}.Release|Any CPU.ActiveCfg = Release|Any CPU
		{5D665BFF-EDC5-4219-BE4C-6C6254D78E79}.Release|Any CPU.Build.0 = Release|Any CPU
	EndGlobalSection
	GlobalSection(SolutionProperties) = preSolution
		HideSolutionNode = FALSE
	EndGlobalSection
	GlobalSection(ExtensibilityGlobals) = postSolution
		SolutionGuid = {807DFD85-535E-424D-A830-E53BB75D582E}
	EndGlobalSection
EndGlobal
